// !$*UTF8*$!
{
	archiveVersion = 1;
	classes = {
	};
	objectVersion = 46;
	objects = {

/* Begin PBXBuildFile section */
		1AF247B2E1A348609F25EA2F /* libPods.a in Frameworks */ = {isa = PBXBuildFile; fileRef = 06B085B341174E74BE5658E6 /* libPods.a */; };
		1FA33657D8644975AC0A6D90 /* Foundation.framework in Frameworks */ = {isa = PBXBuildFile; fileRef = 26087C49AE5C40A19B19640B /* Foundation.framework */; };
		4A1F19C8F12043E6B7E801AE /* JPSAppDelegate.m in Sources */ = {isa = PBXBuildFile; fileRef = 99559545829944B883D2A11A /* JPSAppDelegate.m */; };
		9EA4C70AED1C434FBA8CCF32 /* main.m in Sources */ = {isa = PBXBuildFile; fileRef = 7F04D8E175F04E2FBCDB764B /* main.m */; };
		A83B93F3BB3944D8BE365C86 /* CoreGraphics.framework in Frameworks */ = {isa = PBXBuildFile; fileRef = 68A9B372342C47A79BA0DF78 /* CoreGraphics.framework */; };
		ACC28B53301146549D5BBC34 /* UIKit.framework in Frameworks */ = {isa = PBXBuildFile; fileRef = 5DB7FA62BAC94E0B9BC29A5B /* UIKit.framework */; };
		BB2E638695C345349DDDE675 /* Images.xcassets in Resources */ = {isa = PBXBuildFile; fileRef = 093C52A86C294D47B48120D1 /* Images.xcassets */; };
		EC73333B87C444B0A1FF8B6B /* XCTest.framework in Frameworks */ = {isa = PBXBuildFile; fileRef = CB575635A34640F8B169C42F /* XCTest.framework */; };
/* End PBXBuildFile section */

/* Begin PBXContainerItemProxy section */
		0EDAF0400A974D82AA9DA155 /* PBXContainerItemProxy */ = {
			isa = PBXContainerItemProxy;
			containerPortal = 7FEB8C1D761C469BBDA20278 /* Project object */;
			proxyType = 1;
			remoteGlobalIDString = E3B1F656448447BDBD8FD116;
			remoteInfo = "pod-diffs";
		};
/* End PBXContainerItemProxy section */

/* Begin PBXFileReference section */
		06B085B341174E74BE5658E6 /* libPods.a */ = {isa = PBXFileReference; explicitFileType = archive.ar; includeInIndex = 0; path = libPods.a; sourceTree = BUILT_PRODUCTS_DIR; };
		093C52A86C294D47B48120D1 /* Images.xcassets */ = {isa = PBXFileReference; includeInIndex = 1; lastKnownFileType = folder.assetcatalog; path = Images.xcassets; sourceTree = "<group>"; };
		26087C49AE5C40A19B19640B /* Foundation.framework */ = {isa = PBXFileReference; lastKnownFileType = wrapper.framework; name = Foundation.framework; path = Platforms/iPhoneOS.platform/Developer/SDKs/iPhoneOS7.0.sdk/System/Library/Frameworks/Foundation.framework; sourceTree = DEVELOPER_DIR; };
		5DB7FA62BAC94E0B9BC29A5B /* UIKit.framework */ = {isa = PBXFileReference; lastKnownFileType = wrapper.framework; name = UIKit.framework; path = Platforms/iPhoneOS.platform/Developer/SDKs/iPhoneOS7.0.sdk/System/Library/Frameworks/UIKit.framework; sourceTree = DEVELOPER_DIR; };
		68A9B372342C47A79BA0DF78 /* CoreGraphics.framework */ = {isa = PBXFileReference; lastKnownFileType = wrapper.framework; name = CoreGraphics.framework; path = Platforms/iPhoneOS.platform/Developer/SDKs/iPhoneOS7.0.sdk/System/Library/Frameworks/CoreGraphics.framework; sourceTree = DEVELOPER_DIR; };
		767312BC539441188C8CAAD0 /* pod-diffs-Prefix.pch */ = {isa = PBXFileReference; includeInIndex = 1; lastKnownFileType = sourcecode.c.h; path = "pod-diffs-Prefix.pch"; sourceTree = "<group>"; };
		7F04D8E175F04E2FBCDB764B /* main.m */ = {isa = PBXFileReference; includeInIndex = 1; lastKnownFileType = sourcecode.c.objc; path = main.m; sourceTree = "<group>"; };
		7FF89DC3FA6C459F8BF3FEA8 /* UnitTests.xctest */ = {isa = PBXFileReference; explicitFileType = wrapper.cfbundle; includeInIndex = 0; path = UnitTests.xctest; sourceTree = BUILT_PRODUCTS_DIR; };
		87942B865CEA4E1782374C96 /* Pods.xcconfig */ = {isa = PBXFileReference; includeInIndex = 1; lastKnownFileType = text.xcconfig; name = Pods.xcconfig; path = Pods/Pods.xcconfig; sourceTree = "<group>"; };
		8BAF2BF9F5264CE08BD73BDC /* pod-diffs.app */ = {isa = PBXFileReference; explicitFileType = wrapper.application; includeInIndex = 0; path = "pod-diffs.app"; sourceTree = BUILT_PRODUCTS_DIR; };
		99559545829944B883D2A11A /* JPSAppDelegate.m */ = {isa = PBXFileReference; includeInIndex = 1; lastKnownFileType = sourcecode.c.objc; path = JPSAppDelegate.m; sourceTree = "<group>"; };
		CB575635A34640F8B169C42F /* XCTest.framework */ = {isa = PBXFileReference; lastKnownFileType = wrapper.framework; name = XCTest.framework; path = Library/Frameworks/XCTest.framework; sourceTree = DEVELOPER_DIR; };
		DC44D4CF14CE4198BAFBB723 /* UnitTests-Info.plist */ = {isa = PBXFileReference; includeInIndex = 1; lastKnownFileType = text.plist.xml; path = "UnitTests-Info.plist"; sourceTree = "<group>"; };
		E64162023BFB45BDB0A398D4 /* JPSAppDelegate.h */ = {isa = PBXFileReference; includeInIndex = 1; lastKnownFileType = sourcecode.c.h; path = JPSAppDelegate.h; sourceTree = "<group>"; };
		E98D47DE3195401CA81BF3FD /* UnitTests-Prefix.pch */ = {isa = PBXFileReference; includeInIndex = 1; lastKnownFileType = sourcecode.c.h; path = "UnitTests-Prefix.pch"; sourceTree = "<group>"; };
		FBE66F306B784FAABA99D229 /* pod-diffs-Info.plist */ = {isa = PBXFileReference; includeInIndex = 1; lastKnownFileType = text.plist.xml; path = "pod-diffs-Info.plist"; sourceTree = "<group>"; };
/* End PBXFileReference section */

/* Begin PBXFrameworksBuildPhase section */
		8DD0B0933A63420AABB75015 /* Frameworks */ = {
			isa = PBXFrameworksBuildPhase;
			buildActionMask = 2147483647;
			files = (
				1FA33657D8644975AC0A6D90 /* Foundation.framework in Frameworks */,
				ACC28B53301146549D5BBC34 /* UIKit.framework in Frameworks */,
				A83B93F3BB3944D8BE365C86 /* CoreGraphics.framework in Frameworks */,
				1AF247B2E1A348609F25EA2F /* libPods.a in Frameworks */,
			);
			runOnlyForDeploymentPostprocessing = 0;
		};
		F4CB7E351576489FB2EACBB2 /* Frameworks */ = {
			isa = PBXFrameworksBuildPhase;
			buildActionMask = 2147483647;
			files = (
				EC73333B87C444B0A1FF8B6B /* XCTest.framework in Frameworks */,
			);
			runOnlyForDeploymentPostprocessing = 0;
		};
/* End PBXFrameworksBuildPhase section */

/* Begin PBXGroup section */
		016EAEAB1AB94687961DA52F /* Delegates */ = {
			isa = PBXGroup;
			children = (
				E64162023BFB45BDB0A398D4 /* JPSAppDelegate.h */,
				99559545829944B883D2A11A /* JPSAppDelegate.m */,
			);
			path = Delegates;
			sourceTree = "<group>";
		};
		1706D66F9EBA4B0AAE44B940 /* ViewControllers */ = {
			isa = PBXGroup;
			children = (
			);
			path = ViewControllers;
			sourceTree = "<group>";
		};
		24C0B26E9DE648CC894839F9 /* Controllers */ = {
			isa = PBXGroup;
			children = (
			);
			path = Controllers;
			sourceTree = "<group>";
		};
		2AC1E2F6E94741BBB2B3845E /* Categories */ = {
			isa = PBXGroup;
			children = (
			);
			path = Categories;
			sourceTree = "<group>";
		};
		6F4FE75D14B94F3C8A6F8944 /* Classes */ = {
			isa = PBXGroup;
			children = (
				24C0B26E9DE648CC894839F9 /* Controllers */,
				8416B4C9210B4D468264E218 /* DataSources */,
				016EAEAB1AB94687961DA52F /* Delegates */,
				D18B0DE7E73249B2B7F4B41B /* Models */,
				1706D66F9EBA4B0AAE44B940 /* ViewControllers */,
				E4CF860FA5AB44D8ACC39795 /* Views */,
			);
			path = Classes;
			sourceTree = "<group>";
		};
		76D26F2987794F4C986521BC /* iOS */ = {
			isa = PBXGroup;
			children = (
				26087C49AE5C40A19B19640B /* Foundation.framework */,
				5DB7FA62BAC94E0B9BC29A5B /* UIKit.framework */,
				68A9B372342C47A79BA0DF78 /* CoreGraphics.framework */,
			);
			name = iOS;
			sourceTree = "<group>";
		};
		8416B4C9210B4D468264E218 /* DataSources */ = {
			isa = PBXGroup;
			children = (
			);
			path = DataSources;
			sourceTree = "<group>";
		};
		A0BD373E009F43F78242B130 /* Resources */ = {
			isa = PBXGroup;
			children = (
				DC44D4CF14CE4198BAFBB723 /* UnitTests-Info.plist */,
				E98D47DE3195401CA81BF3FD /* UnitTests-Prefix.pch */,
			);
			path = Resources;
			sourceTree = "<group>";
		};
		A1CB63FB988445B887E2618C /* Other-Sources */ = {
			isa = PBXGroup;
			children = (
				FBE66F306B784FAABA99D229 /* pod-diffs-Info.plist */,
				767312BC539441188C8CAAD0 /* pod-diffs-Prefix.pch */,
				7F04D8E175F04E2FBCDB764B /* main.m */,
			);
			path = "Other-Sources";
			sourceTree = "<group>";
		};
		A21FC1998EFC41E1B29C0B58 /* Products */ = {
			isa = PBXGroup;
			children = (
				8BAF2BF9F5264CE08BD73BDC /* pod-diffs.app */,
				7FF89DC3FA6C459F8BF3FEA8 /* UnitTests.xctest */,
			);
			name = Products;
			sourceTree = "<group>";
		};
		B78B4D6CE5C64791A039E0D1 /* UnitTests */ = {
			isa = PBXGroup;
			children = (
				A0BD373E009F43F78242B130 /* Resources */,
				E1D1EEE8259A416C9E819FC9 /* Tests */,
			);
			path = UnitTests;
			sourceTree = "<group>";
		};
		CD61F4067AB143E094137BB8 /* Frameworks */ = {
			isa = PBXGroup;
			children = (
				76D26F2987794F4C986521BC /* iOS */,
				CB575635A34640F8B169C42F /* XCTest.framework */,
				06B085B341174E74BE5658E6 /* libPods.a */,
			);
			name = Frameworks;
			sourceTree = "<group>";
		};
		D046B90E08D6442BA3330034 /* Resources */ = {
			isa = PBXGroup;
			children = (
				093C52A86C294D47B48120D1 /* Images.xcassets */,
				A1CB63FB988445B887E2618C /* Other-Sources */,
			);
			path = Resources;
			sourceTree = "<group>";
		};
		D18B0DE7E73249B2B7F4B41B /* Models */ = {
			isa = PBXGroup;
			children = (
			);
			path = Models;
			sourceTree = "<group>";
		};
		D6FCF83D765D44088A57BFD2 = {
			isa = PBXGroup;
			children = (
				FBCB7BEE51464018A4BDE3E6 /* pod-diffs */,
				B78B4D6CE5C64791A039E0D1 /* UnitTests */,
				CD61F4067AB143E094137BB8 /* Frameworks */,
				A21FC1998EFC41E1B29C0B58 /* Products */,
				87942B865CEA4E1782374C96 /* Pods.xcconfig */,
			);
			sourceTree = "<group>";
		};
		E1D1EEE8259A416C9E819FC9 /* Tests */ = {
			isa = PBXGroup;
			children = (
			);
			path = Tests;
			sourceTree = "<group>";
		};
		E4CF860FA5AB44D8ACC39795 /* Views */ = {
			isa = PBXGroup;
			children = (
			);
			path = Views;
			sourceTree = "<group>";
		};
		ECCB73E8F82045D692843332 /* Constants */ = {
			isa = PBXGroup;
			children = (
			);
			path = Constants;
			sourceTree = "<group>";
		};
		FBCB7BEE51464018A4BDE3E6 /* pod-diffs */ = {
			isa = PBXGroup;
			children = (
				2AC1E2F6E94741BBB2B3845E /* Categories */,
				6F4FE75D14B94F3C8A6F8944 /* Classes */,
				ECCB73E8F82045D692843332 /* Constants */,
				D046B90E08D6442BA3330034 /* Resources */,
			);
			path = "pod-diffs";
			sourceTree = "<group>";
		};
/* End PBXGroup section */

/* Begin PBXNativeTarget section */
		98A1E865465046569328BA27 /* UnitTests */ = {
			isa = PBXNativeTarget;
			buildConfigurationList = 1002790470464811AAB0436E /* Build configuration list for PBXNativeTarget "UnitTests" */;
			buildPhases = (
				25BB7BDE0C3F4B51B1AEE1C1 /* Sources */,
				F4CB7E351576489FB2EACBB2 /* Frameworks */,
				C1A1DC6AB922477CAD2971AF /* Resources */,
			);
			buildRules = (
			);
			dependencies = (
				111BDC647D06480C8DAC123A /* PBXTargetDependency */,
			);
			name = UnitTests;
			productName = UnitTests;
			productReference = 7FF89DC3FA6C459F8BF3FEA8 /* UnitTests.xctest */;
			productType = "com.apple.product-type.bundle.unit-test";
		};
		E3B1F656448447BDBD8FD116 /* pod-diffs */ = {
			isa = PBXNativeTarget;
			buildConfigurationList = 34C9E4F49DE24F739B37397D /* Build configuration list for PBXNativeTarget "pod-diffs" */;
			buildPhases = (
				5B9EFFB28E504236A8E8A000 /* Check Pods Manifest.lock */,
				1C4448B3D62F4636949306D9 /* Sources */,
				8DD0B0933A63420AABB75015 /* Frameworks */,
				D00A7937F18946CCBFDE9DC2 /* Resources */,
				CF3D5CE880314E98B4907118 /* Copy Pods Resources */,
			);
			buildRules = (
			);
			dependencies = (
			);
			name = "pod-diffs";
			productName = "pod-diffs";
			productReference = 8BAF2BF9F5264CE08BD73BDC /* pod-diffs.app */;
			productType = "com.apple.product-type.application";
		};
/* End PBXNativeTarget section */

/* Begin PBXProject section */
		7FEB8C1D761C469BBDA20278 /* Project object */ = {
			isa = PBXProject;
			attributes = {
				CLASSPREFIX = JPS;
				LastUpgradeCheck = 0500;
				ORGANIZATIONNAME = "JP Simard";
			};
			buildConfigurationList = 48A5BD215B8747F0BA1859A7 /* Build configuration list for PBXProject "pod-diffs" */;
			compatibilityVersion = "Xcode 3.2";
			developmentRegion = English;
			hasScannedForEncodings = 0;
			knownRegions = (
				en,
			);
			mainGroup = D6FCF83D765D44088A57BFD2;
			productRefGroup = A21FC1998EFC41E1B29C0B58 /* Products */;
			projectDirPath = "";
			projectRoot = "";
			targets = (
				E3B1F656448447BDBD8FD116 /* pod-diffs */,
				98A1E865465046569328BA27 /* UnitTests */,
			);
		};
/* End PBXProject section */

/* Begin PBXResourcesBuildPhase section */
		C1A1DC6AB922477CAD2971AF /* Resources */ = {
			isa = PBXResourcesBuildPhase;
			buildActionMask = 2147483647;
			files = (
			);
			runOnlyForDeploymentPostprocessing = 0;
		};
		D00A7937F18946CCBFDE9DC2 /* Resources */ = {
			isa = PBXResourcesBuildPhase;
			buildActionMask = 2147483647;
			files = (
				BB2E638695C345349DDDE675 /* Images.xcassets in Resources */,
			);
			runOnlyForDeploymentPostprocessing = 0;
		};
/* End PBXResourcesBuildPhase section */

/* Begin PBXShellScriptBuildPhase section */
		5B9EFFB28E504236A8E8A000 /* Check Pods Manifest.lock */ = {
			isa = PBXShellScriptBuildPhase;
			buildActionMask = 2147483647;
			files = (
			);
			inputPaths = (
			);
			name = "Check Pods Manifest.lock";
			outputPaths = (
			);
			runOnlyForDeploymentPostprocessing = 0;
			shellPath = /bin/sh;
			shellScript = "diff \"${PODS_ROOT}/../Podfile.lock\" \"${PODS_ROOT}/Manifest.lock\" > /dev/null\nif [[ $? != 0 ]] ; then\n    cat << EOM\nerror: The sandbox is not in sync with the Podfile.lock. Run 'pod install' or update your CocoaPods installation.\nEOM\n    exit 1\nfi\n";
			showEnvVarsInLog = 0;
		};
		CF3D5CE880314E98B4907118 /* Copy Pods Resources */ = {
			isa = PBXShellScriptBuildPhase;
			buildActionMask = 2147483647;
			files = (
			);
			inputPaths = (
			);
			name = "Copy Pods Resources";
			outputPaths = (
			);
			runOnlyForDeploymentPostprocessing = 0;
			shellPath = /bin/sh;
			shellScript = "\"${SRCROOT}/Pods/Pods-resources.sh\"\n";
			showEnvVarsInLog = 0;
		};
/* End PBXShellScriptBuildPhase section */

/* Begin PBXSourcesBuildPhase section */
		1C4448B3D62F4636949306D9 /* Sources */ = {
			isa = PBXSourcesBuildPhase;
			buildActionMask = 2147483647;
			files = (
				4A1F19C8F12043E6B7E801AE /* JPSAppDelegate.m in Sources */,
				9EA4C70AED1C434FBA8CCF32 /* main.m in Sources */,
			);
			runOnlyForDeploymentPostprocessing = 0;
		};
		25BB7BDE0C3F4B51B1AEE1C1 /* Sources */ = {
			isa = PBXSourcesBuildPhase;
			buildActionMask = 2147483647;
			files = (
			);
			runOnlyForDeploymentPostprocessing = 0;
		};
/* End PBXSourcesBuildPhase section */

/* Begin PBXTargetDependency section */
		111BDC647D06480C8DAC123A /* PBXTargetDependency */ = {
			isa = PBXTargetDependency;
			target = E3B1F656448447BDBD8FD116 /* pod-diffs */;
			targetProxy = 0EDAF0400A974D82AA9DA155 /* PBXContainerItemProxy */;
		};
/* End PBXTargetDependency section */

/* Begin XCBuildConfiguration section */
		0429A6D5A5CE4FC6B2CED9C7 /* Debug */ = {
			isa = XCBuildConfiguration;
			buildSettings = {
				ALWAYS_SEARCH_USER_PATHS = NO;
				ASSETCATALOG_COMPILER_APPICON_NAME = AppIcon;
				ASSETCATALOG_COMPILER_LAUNCHIMAGE_NAME = LaunchImage;
				CLANG_CXX_LANGUAGE_STANDARD = "gnu++0x";
				CLANG_CXX_LIBRARY = "libc++";
				CLANG_ENABLE_MODULES = YES;
				CLANG_ENABLE_OBJC_ARC = YES;
				CLANG_WARN_BOOL_CONVERSION = YES;
				CLANG_WARN_CONSTANT_CONVERSION = YES;
				CLANG_WARN_DIRECT_OBJC_ISA_USAGE = YES_ERROR;
				CLANG_WARN_EMPTY_BODY = YES;
				CLANG_WARN_ENUM_CONVERSION = YES;
				CLANG_WARN_INT_CONVERSION = YES;
				CLANG_WARN_OBJC_ROOT_CLASS = YES_ERROR;
				"CODE_SIGN_IDENTITY[sdk=iphoneos*]" = "iPhone Developer";
				COPY_PHASE_STRIP = YES;
				GCC_C_LANGUAGE_STANDARD = gnu99;
				GCC_DYNAMIC_NO_PIC = NO;
				GCC_OPTIMIZATION_LEVEL = 0;
				GCC_PREPROCESSOR_DEFINITIONS = (
					"DEBUG=1",
					"$(inherited)",
				);
				GCC_SYMBOLS_PRIVATE_EXTERN = NO;
				GCC_WARN_64_TO_32_BIT_CONVERSION = YES;
				GCC_WARN_ABOUT_RETURN_TYPE = YES_ERROR;
				GCC_WARN_UNDECLARED_SELECTOR = YES;
				GCC_WARN_UNINITIALIZED_AUTOS = YES;
				GCC_WARN_UNUSED_FUNCTION = YES;
				GCC_WARN_UNUSED_VARIABLE = YES;
				ONLY_ACTIVE_ARCH = YES;
			};
			name = Debug;
		};
		0671E21E60C44916AFB0C808 /* Release */ = {
			isa = XCBuildConfiguration;
			buildSettings = {
				ALWAYS_SEARCH_USER_PATHS = NO;
				ASSETCATALOG_COMPILER_APPICON_NAME = AppIcon;
				ASSETCATALOG_COMPILER_LAUNCHIMAGE_NAME = LaunchImage;
				CLANG_CXX_LANGUAGE_STANDARD = "gnu++0x";
				CLANG_CXX_LIBRARY = "libc++";
				CLANG_ENABLE_MODULES = YES;
				CLANG_ENABLE_OBJC_ARC = YES;
				CLANG_WARN_BOOL_CONVERSION = YES;
				CLANG_WARN_CONSTANT_CONVERSION = YES;
				CLANG_WARN_DIRECT_OBJC_ISA_USAGE = YES_ERROR;
				CLANG_WARN_EMPTY_BODY = YES;
				CLANG_WARN_ENUM_CONVERSION = YES;
				CLANG_WARN_INT_CONVERSION = YES;
				CLANG_WARN_OBJC_ROOT_CLASS = YES_ERROR;
				"CODE_SIGN_IDENTITY[sdk=iphoneos*]" = "iPhone Developer";
				COPY_PHASE_STRIP = NO;
				ENABLE_NS_ASSERTIONS = NO;
				GCC_C_LANGUAGE_STANDARD = gnu99;
				GCC_WARN_64_TO_32_BIT_CONVERSION = YES;
				GCC_WARN_ABOUT_RETURN_TYPE = YES_ERROR;
				GCC_WARN_UNDECLARED_SELECTOR = YES;
				GCC_WARN_UNINITIALIZED_AUTOS = YES;
				GCC_WARN_UNUSED_FUNCTION = YES;
				GCC_WARN_UNUSED_VARIABLE = YES;
				VALIDATE_PRODUCT = YES;
			};
			name = Release;
		};
		96C1F5EF9C424A5EA3F35C5D /* Debug */ = {
			isa = XCBuildConfiguration;
			baseConfigurationReference = 87942B865CEA4E1782374C96 /* Pods.xcconfig */;
			buildSettings = {
				ALWAYS_SEARCH_USER_PATHS = NO;
				COPY_PHASE_STRIP = NO;
				DSTROOT = /tmp/xcodeproj.dst;
				GCC_C_LANGUAGE_STANDARD = gnu99;
				GCC_DYNAMIC_NO_PIC = NO;
				GCC_OPTIMIZATION_LEVEL = 0;
				GCC_PRECOMPILE_PREFIX_HEADER = YES;
				GCC_PREFIX_HEADER = "pod-diffs/Resources/Other-Sources/pod-diffs-Prefix.pch";
				GCC_PREPROCESSOR_DEFINITIONS = (
					"DEBUG=1",
					"$(inherited)",
				);
				GCC_SYMBOLS_PRIVATE_EXTERN = NO;
				GCC_VERSION = com.apple.compilers.llvm.clang.1_0;
				INFOPLIST_FILE = "pod-diffs/Resources/Other-Sources/pod-diffs-Info.plist";
				INSTALL_PATH = "$(BUILT_PRODUCTS_DIR)";
				IPHONEOS_DEPLOYMENT_TARGET = 7.0;
				OTHER_LDFLAGS = "";
				PRODUCT_NAME = "$(TARGET_NAME)";
				PUBLIC_HEADERS_FOLDER_PATH = "$(TARGET_NAME)";
				SDKROOT = iphoneos;
				SKIP_INSTALL = YES;
			};
			name = Debug;
		};
		D1F5FCD63F7A4FA78BA321EA /* Release */ = {
			isa = XCBuildConfiguration;
			baseConfigurationReference = 87942B865CEA4E1782374C96 /* Pods.xcconfig */;
			buildSettings = {
				ALWAYS_SEARCH_USER_PATHS = NO;
				COPY_PHASE_STRIP = YES;
				DSTROOT = /tmp/xcodeproj.dst;
				GCC_C_LANGUAGE_STANDARD = gnu99;
				GCC_PRECOMPILE_PREFIX_HEADER = YES;
				GCC_PREFIX_HEADER = "pod-diffs/Resources/Other-Sources/pod-diffs-Prefix.pch";
				GCC_VERSION = com.apple.compilers.llvm.clang.1_0;
				INFOPLIST_FILE = "pod-diffs/Resources/Other-Sources/pod-diffs-Info.plist";
				INSTALL_PATH = "$(BUILT_PRODUCTS_DIR)";
				IPHONEOS_DEPLOYMENT_TARGET = 7.0;
				OTHER_CFLAGS = (
					"-DNS_BLOCK_ASSERTIONS=1",
					"$(inherited)",
				);
				OTHER_CPLUSPLUSFLAGS = (
					"-DNS_BLOCK_ASSERTIONS=1",
					"$(inherited)",
				);
				OTHER_LDFLAGS = "";
				PRODUCT_NAME = "$(TARGET_NAME)";
				PUBLIC_HEADERS_FOLDER_PATH = "$(TARGET_NAME)";
				SDKROOT = iphoneos;
				SKIP_INSTALL = YES;
				VALIDATE_PRODUCT = YES;
			};
			name = Release;
		};
		E687791999874AE2931CFF89 /* Debug */ = {
			isa = XCBuildConfiguration;
			buildSettings = {
				BUNDLE_LOADER = "$(BUILT_PRODUCTS_DIR)/pod-diffs.app/pod-diffs";
				FRAMEWORK_SEARCH_PATHS = (
					"$(SDKROOT)/Developer/Library/Frameworks",
					"$(inherited)",
					"$(DEVELOPER_FRAMEWORKS_DIR)",
				);
				GCC_PREFIX_HEADER = "UnitTests/Resources/UnitTests-Prefix.pch";
				INFOPLIST_FILE = "UnitTests/Resources/UnitTests-Info.plist";
				PRODUCT_NAME = "$(TARGET_NAME)";
				SDKROOT = iphoneos;
				SKIP_INSTALL = YES;
				TEST_HOST = "$(BUNDLE_LOADER)";
				WRAPPER_EXTENSION = xctest;
			};
			name = Debug;
		};
		EAE56DF96DF1479CA52A757E /* Release */ = {
			isa = XCBuildConfiguration;
			buildSettings = {
				BUNDLE_LOADER = "$(BUILT_PRODUCTS_DIR)/pod-diffs.app/pod-diffs";
				FRAMEWORK_SEARCH_PATHS = (
					"$(SDKROOT)/Developer/Library/Frameworks",
					"$(inherited)",
					"$(DEVELOPER_FRAMEWORKS_DIR)",
				);
				GCC_PREFIX_HEADER = "UnitTests/Resources/UnitTests-Prefix.pch";
				INFOPLIST_FILE = "UnitTests/Resources/UnitTests-Info.plist";
				PRODUCT_NAME = "$(TARGET_NAME)";
				SDKROOT = iphoneos;
				SKIP_INSTALL = YES;
				TEST_HOST = "$(BUNDLE_LOADER)";
				WRAPPER_EXTENSION = xctest;
			};
			name = Release;
		};
/* End XCBuildConfiguration section */

/* Begin XCConfigurationList section */
		1002790470464811AAB0436E /* Build configuration list for PBXNativeTarget "UnitTests" */ = {
			isa = XCConfigurationList;
			buildConfigurations = (
				EAE56DF96DF1479CA52A757E /* Release */,
				E687791999874AE2931CFF89 /* Debug */,
			);
			defaultConfigurationIsVisible = 0;
			defaultConfigurationName = Release;
		};
		34C9E4F49DE24F739B37397D /* Build configuration list for PBXNativeTarget "pod-diffs" */ = {
			isa = XCConfigurationList;
			buildConfigurations = (
				D1F5FCD63F7A4FA78BA321EA /* Release */,
				96C1F5EF9C424A5EA3F35C5D /* Debug */,
			);
			defaultConfigurationIsVisible = 0;
			defaultConfigurationName = Release;
		};
		48A5BD215B8747F0BA1859A7 /* Build configuration list for PBXProject "pod-diffs" */ = {
			isa = XCConfigurationList;
			buildConfigurations = (
				0429A6D5A5CE4FC6B2CED9C7 /* Debug */,
				0671E21E60C44916AFB0C808 /* Release */,
			);
			defaultConfigurationIsVisible = 0;
			defaultConfigurationName = Release;
		};
/* End XCConfigurationList section */
	};
	rootObject = 7FEB8C1D761C469BBDA20278 /* Project object */;
}
